
Microsoft Visual Studio Solution File, Format Version 12.00
# Visual Studio 2013
VisualStudioVersion = 12.0.31101.0
MinimumVisualStudioVersion = 10.0.40219.1
Project("{FAE04EC0-301F-11D3-BF4B-00C04F79EFBC}") = "InternationalFantacyLeague", "InternationalFantacyLeague\InternationalFantacyLeague.csproj", "{F34A5D4B-0886-4AD2-955A-592A662DDC4C}"
EndProject
Project("{FAE04EC0-301F-11D3-BF4B-00C04F79EFBC}") = "InternationalFantacyLeague.Tests", "InternationalFantacyLeague.Tests\InternationalFantacyLeague.Tests.csproj", "{ECAEECDF-F887-41C3-BA07-BEDEFC8184DD}"
EndProject
Global
	GlobalSection(SolutionConfigurationPlatforms) = preSolution
		Debug|Any CPU = Debug|Any CPU
		Release|Any CPU = Release|Any CPU
	EndGlobalSection
	GlobalSection(ProjectConfigurationPlatforms) = postSolution
		{F34A5D4B-0886-4AD2-955A-592A662DDC4C}.Debug|Any CPU.ActiveCfg = Debug|Any CPU
		{F34A5D4B-0886-4AD2-955A-592A662DDC4C}.Debug|Any CPU.Build.0 = Debug|Any CPU
		{F34A5D4B-0886-4AD2-955A-592A662DDC4C}.Release|Any CPU.ActiveCfg = Release|Any CPU
		{F34A5D4B-0886-4AD2-955A-592A662DDC4C}.Release|Any CPU.Build.0 = Release|Any CPU
		{ECAEECDF-F887-41C3-BA07-BEDEFC8184DD}.Debug|Any CPU.ActiveCfg = Debug|Any CPU
		{ECAEECDF-F887-41C3-BA07-BEDEFC8184DD}.Debug|Any CPU.Build.0 = Debug|Any CPU
		{ECAEECDF-F887-41C3-BA07-BEDEFC8184DD}.Release|Any CPU.ActiveCfg = Release|Any CPU
		{ECAEECDF-F887-41C3-BA07-BEDEFC8184DD}.Release|Any CPU.Build.0 = Release|Any CPU
	EndGlobalSection
	GlobalSection(SolutionProperties) = preSolution
		HideSolutionNode = FALSE
	EndGlobalSection
EndGlobal
